
Microsoft Visual Studio Solution File, Format Version 12.00
# Visual Studio 15
VisualStudioVersion = 15.0.28307.645
MinimumVisualStudioVersion = 10.0.40219.1
Project("{FAE04EC0-301F-11D3-BF4B-00C04F79EFBC}") = "K12.DisciplineNotification", "K12.Behavior.DisciplineNotification\K12.DisciplineNotification.csproj", "{6E447873-16CF-49E3-9B5D-6AD930A8C916}"
EndProject
Global
	GlobalSection(SolutionConfigurationPlatforms) = preSolution
		Debug|Any CPU = Debug|Any CPU
		Release|Any CPU = Release|Any CPU
	EndGlobalSection
	GlobalSection(ProjectConfigurationPlatforms) = postSolution
		{6E447873-16CF-49E3-9B5D-6AD930A8C916}.Debug|Any CPU.ActiveCfg = Debug|Any CPU
		{6E447873-16CF-49E3-9B5D-6AD930A8C916}.Debug|Any CPU.Build.0 = Debug|Any CPU
		{6E447873-16CF-49E3-9B5D-6AD930A8C916}.Release|Any CPU.ActiveCfg = Release|Any CPU
		{6E447873-16CF-49E3-9B5D-6AD930A8C916}.Release|Any CPU.Build.0 = Release|Any CPU
	EndGlobalSection
	GlobalSection(SolutionProperties) = preSolution
		HideSolutionNode = FALSE
	EndGlobalSection
	GlobalSection(ExtensibilityGlobals) = postSolution
		SolutionGuid = {7950C52B-653A-4835-AA37-AAF8BF693AA2}
	EndGlobalSection
EndGlobal
